PODS:
  - Differentiator (3.0.2)
  - PINCache (3.0.1-beta.8):
    - PINCache/Arc-exception-safe (= 3.0.1-beta.8)
    - PINCache/Core (= 3.0.1-beta.8)
  - PINCache/Arc-exception-safe (3.0.1-beta.8):
    - PINCache/Core
  - PINCache/Core (3.0.1-beta.8):
    - PINOperation (~> 1.1.1)
  - PINOperation (1.1.2)
  - PINRemoteImage/Core (3.0.0):
    - PINOperation
  - PINRemoteImage/iOS (3.0.0):
    - PINRemoteImage/Core
  - PINRemoteImage/PINCache (3.0.0):
    - PINCache (= 3.0.1-beta.8)
    - PINRemoteImage/Core
  - RxCocoa (4.0.0):
    - RxSwift (~> 4.0)
  - RxSwift (4.0.0)
  - Texture (3.0.0-rc.2):
    - Texture/AssetsLibrary (= 3.0.0-rc.2)
    - Texture/Core (= 3.0.0-rc.2)
    - Texture/MapKit (= 3.0.0-rc.2)
    - Texture/Photos (= 3.0.0-rc.2)
    - Texture/PINRemoteImage (= 3.0.0-rc.2)
    - Texture/Video (= 3.0.0-rc.2)
  - Texture/AssetsLibrary (3.0.0-rc.2):
    - Texture/Core
  - Texture/Core (3.0.0-rc.2)
  - Texture/MapKit (3.0.0-rc.2):
    - Texture/Core
  - Texture/Photos (3.0.0-rc.2):
    - Texture/Core
  - Texture/PINRemoteImage (3.0.0-rc.2):
    - PINRemoteImage/iOS (~> 3.0.0)
    - PINRemoteImage/PINCache
    - Texture/Core
  - Texture/Video (3.0.0-rc.2):
    - Texture/Core

DEPENDENCIES:
  - Differentiator
  - RxCocoa
  - RxSwift
  - Texture (from `https://github.com/TextureGroup/Texture`, branch `3.0.0-rc.2`)

SPEC REPOS:
  trunk:
    - Differentiator
    - PINCache
    - PINOperation
    - PINRemoteImage
    - RxCocoa
    - RxSwift

EXTERNAL SOURCES:
  Texture:
    :branch: 3.0.0-rc.2
    :git: https://github.com/TextureGroup/Texture

CHECKOUT OPTIONS:
  Texture:
    :commit: 2efe3fd35aeeec610804c42622529fa0b973f8d1
    :git: https://github.com/TextureGroup/Texture

SPEC CHECKSUMS:
  Differentiator: a87be69eba49ec4ab460c7671143ee3a9eececfd
  PINCache: 534fd41d358d828dfdf227a0d327f3673a65e20b
  PINOperation: 24b774353ca248fcf87d67b2d61eef42087c125a
  PINRemoteImage: e2b89e19fb6e77ffc099f9d9f3b3fe1745e3f9f9
  RxCocoa: d62846ca96495d862fa4c59ea7d87e5031d7340e
  RxSwift: fd680d75283beb5e2559486f3c0ff852f0d35334
  Texture: 6524221528cf6ca862d3247c7b6cd2507e77fb56

PODFILE CHECKSUM: 27c99f38e14b3deb26fd0bfff7b182c8c6633b66

COCOAPODS: 1.9.1
